
Microsoft Visual Studio Solution File, Format Version 12.00
# Visual Studio 15
VisualStudioVersion = 15.0.27004.2009
MinimumVisualStudioVersion = 15.0.26124.0
Project("{2150E333-8FDC-42A3-9474-1A3956D46DE8}") = "Src", "Src", "{5E5BEC92-53E4-4F13-B61E-A6BD36C29F6F}"
EndProject
Project("{9A19103F-16F7-4668-BE54-9A1E7A4F7556}") = "PostageApp.Abstractions", "src\PostageApp.Abstractions\PostageApp.Abstractions.csproj", "{5346C4EB-9449-4E36-9B6B-36A45163CD8A}"
EndProject
Project("{9A19103F-16F7-4668-BE54-9A1E7A4F7556}") = "PostageApp.Http", "src\PostageApp.Http\PostageApp.Http.csproj", "{DEA337AF-7450-4E52-B670-D347871DC2EE}"
EndProject
Project("{2150E333-8FDC-42A3-9474-1A3956D46DE8}") = "Solution Items", "Solution Items", "{9B00F493-C19F-49F2-877B-D72B3E74088B}"
	ProjectSection(SolutionItems) = preProject
		.editorconfig = .editorconfig
		.gitignore = .gitignore
		appveyor.yml = appveyor.yml
		dir.props = dir.props
		nuget.config = nuget.config
		README.md = README.md
		version.props = version.props
	EndProjectSection
EndProject
Project("{9A19103F-16F7-4668-BE54-9A1E7A4F7556}") = "PostageApp.Extensions.DependencyInjection", "src\PostageApp.Extensions.DependencyInjection\PostageApp.Extensions.DependencyInjection.csproj", "{16FACBCF-5EE6-456C-90E4-00CC9B2A5C95}"
EndProject
Project("{2150E333-8FDC-42A3-9474-1A3956D46DE8}") = "Samples", "Samples", "{26603C9B-6902-4E26-A566-B643C62F48D7}"
EndProject
Project("{FAE04EC0-301F-11D3-BF4B-00C04F79EFBC}") = "PostageApp.Samples.Console", "samples\PostageApp.Samples.Console\PostageApp.Samples.Console.csproj", "{1BD67929-DEB3-491F-ABD4-D4D3BB0A5114}"
EndProject
Global
	GlobalSection(SolutionConfigurationPlatforms) = preSolution
		Debug|Any CPU = Debug|Any CPU
		Release|Any CPU = Release|Any CPU
	EndGlobalSection
	GlobalSection(ProjectConfigurationPlatforms) = postSolution
		{5346C4EB-9449-4E36-9B6B-36A45163CD8A}.Debug|Any CPU.ActiveCfg = Debug|Any CPU
		{5346C4EB-9449-4E36-9B6B-36A45163CD8A}.Debug|Any CPU.Build.0 = Debug|Any CPU
		{5346C4EB-9449-4E36-9B6B-36A45163CD8A}.Release|Any CPU.ActiveCfg = Release|Any CPU
		{5346C4EB-9449-4E36-9B6B-36A45163CD8A}.Release|Any CPU.Build.0 = Release|Any CPU
		{DEA337AF-7450-4E52-B670-D347871DC2EE}.Debug|Any CPU.ActiveCfg = Debug|Any CPU
		{DEA337AF-7450-4E52-B670-D347871DC2EE}.Debug|Any CPU.Build.0 = Debug|Any CPU
		{DEA337AF-7450-4E52-B670-D347871DC2EE}.Release|Any CPU.ActiveCfg = Release|Any CPU
		{DEA337AF-7450-4E52-B670-D347871DC2EE}.Release|Any CPU.Build.0 = Release|Any CPU
		{16FACBCF-5EE6-456C-90E4-00CC9B2A5C95}.Debug|Any CPU.ActiveCfg = Debug|Any CPU
		{16FACBCF-5EE6-456C-90E4-00CC9B2A5C95}.Debug|Any CPU.Build.0 = Debug|Any CPU
		{16FACBCF-5EE6-456C-90E4-00CC9B2A5C95}.Release|Any CPU.ActiveCfg = Release|Any CPU
		{16FACBCF-5EE6-456C-90E4-00CC9B2A5C95}.Release|Any CPU.Build.0 = Release|Any CPU
		{1BD67929-DEB3-491F-ABD4-D4D3BB0A5114}.Debug|Any CPU.ActiveCfg = Debug|Any CPU
		{1BD67929-DEB3-491F-ABD4-D4D3BB0A5114}.Debug|Any CPU.Build.0 = Debug|Any CPU
		{1BD67929-DEB3-491F-ABD4-D4D3BB0A5114}.Release|Any CPU.ActiveCfg = Release|Any CPU
		{1BD67929-DEB3-491F-ABD4-D4D3BB0A5114}.Release|Any CPU.Build.0 = Release|Any CPU
	EndGlobalSection
	GlobalSection(SolutionProperties) = preSolution
		HideSolutionNode = FALSE
	EndGlobalSection
	GlobalSection(NestedProjects) = preSolution
		{5346C4EB-9449-4E36-9B6B-36A45163CD8A} = {5E5BEC92-53E4-4F13-B61E-A6BD36C29F6F}
		{DEA337AF-7450-4E52-B670-D347871DC2EE} = {5E5BEC92-53E4-4F13-B61E-A6BD36C29F6F}
		{16FACBCF-5EE6-456C-90E4-00CC9B2A5C95} = {5E5BEC92-53E4-4F13-B61E-A6BD36C29F6F}
		{1BD67929-DEB3-491F-ABD4-D4D3BB0A5114} = {26603C9B-6902-4E26-A566-B643C62F48D7}
	EndGlobalSection
	GlobalSection(ExtensibilityGlobals) = postSolution
		SolutionGuid = {09F1ED07-6E6A-4916-B589-A555FA34DB93}
	EndGlobalSection
EndGlobal
